
Microsoft Visual Studio Solution File, Format Version 12.00
# Visual Studio Version 17
VisualStudioVersion = 17.7.34202.233
MinimumVisualStudioVersion = 10.0.40219.1
Project("{FAE04EC0-301F-11D3-BF4B-00C04F79EFBC}") = "requests.WebApi", "requests.WebApi\requests.WebApi.csproj", "{D40DFB96-36FF-46F7-831B-B1EA2FF35793}"
EndProject
Project("{FAE04EC0-301F-11D3-BF4B-00C04F79EFBC}") = "requests.Repository", "ProteinRepository\requests.Repository.csproj", "{9E349660-6309-4A0E-8784-134F3A9C72A1}"
EndProject
Project("{FAE04EC0-301F-11D3-BF4B-00C04F79EFBC}") = "requests.Model", "requests.Model\requests.Model.csproj", "{D42ABB3F-1FC4-449D-89BB-1FB16ECA03E4}"
EndProject
Project("{FAE04EC0-301F-11D3-BF4B-00C04F79EFBC}") = "requests.Service", "requests.Service\requests.Service.csproj", "{C0D7CCFF-8B91-4C05-BB67-A5AE15CF7AC2}"
EndProject
Global
	GlobalSection(SolutionConfigurationPlatforms) = preSolution
		Debug|Any CPU = Debug|Any CPU
		Release|Any CPU = Release|Any CPU
	EndGlobalSection
	GlobalSection(ProjectConfigurationPlatforms) = postSolution
		{D40DFB96-36FF-46F7-831B-B1EA2FF35793}.Debug|Any CPU.ActiveCfg = Debug|Any CPU
		{D40DFB96-36FF-46F7-831B-B1EA2FF35793}.Debug|Any CPU.Build.0 = Debug|Any CPU
		{D40DFB96-36FF-46F7-831B-B1EA2FF35793}.Release|Any CPU.ActiveCfg = Release|Any CPU
		{D40DFB96-36FF-46F7-831B-B1EA2FF35793}.Release|Any CPU.Build.0 = Release|Any CPU
		{9E349660-6309-4A0E-8784-134F3A9C72A1}.Debug|Any CPU.ActiveCfg = Debug|Any CPU
		{9E349660-6309-4A0E-8784-134F3A9C72A1}.Debug|Any CPU.Build.0 = Debug|Any CPU
		{9E349660-6309-4A0E-8784-134F3A9C72A1}.Release|Any CPU.ActiveCfg = Release|Any CPU
		{9E349660-6309-4A0E-8784-134F3A9C72A1}.Release|Any CPU.Build.0 = Release|Any CPU
		{D42ABB3F-1FC4-449D-89BB-1FB16ECA03E4}.Debug|Any CPU.ActiveCfg = Debug|Any CPU
		{D42ABB3F-1FC4-449D-89BB-1FB16ECA03E4}.Debug|Any CPU.Build.0 = Debug|Any CPU
		{D42ABB3F-1FC4-449D-89BB-1FB16ECA03E4}.Release|Any CPU.ActiveCfg = Release|Any CPU
		{D42ABB3F-1FC4-449D-89BB-1FB16ECA03E4}.Release|Any CPU.Build.0 = Release|Any CPU
		{C0D7CCFF-8B91-4C05-BB67-A5AE15CF7AC2}.Debug|Any CPU.ActiveCfg = Debug|Any CPU
		{C0D7CCFF-8B91-4C05-BB67-A5AE15CF7AC2}.Debug|Any CPU.Build.0 = Debug|Any CPU
		{C0D7CCFF-8B91-4C05-BB67-A5AE15CF7AC2}.Release|Any CPU.ActiveCfg = Release|Any CPU
		{C0D7CCFF-8B91-4C05-BB67-A5AE15CF7AC2}.Release|Any CPU.Build.0 = Release|Any CPU
	EndGlobalSection
	GlobalSection(SolutionProperties) = preSolution
		HideSolutionNode = FALSE
	EndGlobalSection
	GlobalSection(ExtensibilityGlobals) = postSolution
		SolutionGuid = {B7317979-EE65-4969-BADD-EF3834D7F8F0}
	EndGlobalSection
EndGlobal
